
Microsoft Visual Studio Solution File, Format Version 12.00
# Visual Studio Version 16
VisualStudioVersion = 16.0.31410.357
MinimumVisualStudioVersion = 10.0.40219.1
Project("{FAE04EC0-301F-11D3-BF4B-00C04F79EFBC}") = "OnlineExam", "OnlineExam\OnlineExam.csproj", "{BAB31A88-85C9-43E0-824A-FDF0B484AC62}"
EndProject
Global
	GlobalSection(SolutionConfigurationPlatforms) = preSolution
		Debug|Any CPU = Debug|Any CPU
		Release|Any CPU = Release|Any CPU
	EndGlobalSection
	GlobalSection(ProjectConfigurationPlatforms) = postSolution
		{BAB31A88-85C9-43E0-824A-FDF0B484AC62}.Debug|Any CPU.ActiveCfg = Debug|Any CPU
		{BAB31A88-85C9-43E0-824A-FDF0B484AC62}.Debug|Any CPU.Build.0 = Debug|Any CPU
		{BAB31A88-85C9-43E0-824A-FDF0B484AC62}.Release|Any CPU.ActiveCfg = Release|Any CPU
		{BAB31A88-85C9-43E0-824A-FDF0B484AC62}.Release|Any CPU.Build.0 = Release|Any CPU
	EndGlobalSection
	GlobalSection(SolutionProperties) = preSolution
		HideSolutionNode = FALSE
	EndGlobalSection
	GlobalSection(ExtensibilityGlobals) = postSolution
		SolutionGuid = {EA281193-8840-4840-9CDC-D0E4B931DBE7}
	EndGlobalSection
EndGlobal
